{
    "_meta": {
        "hash": {
            "sha256": "e50afabfa4892ba406635894bba6ec677d3eaee6a917cfd5e69f2121a27a8ee1"
        },
        "pipfile-spec": 6,
        "requires": {
            "python_version": "3.6"
        },
        "sources": [
            {
                "name": "pypi",
                "url": "https://pypi.org/simple",
                "verify_ssl": true
            }
        ]
    },
    "default": {
        "jpype1": {
            "hashes": [
                "sha256:6841523631874a731e1f94e1b1f130686ad3772030eaa3b6946256eeb1d10dd1"
            ],
            "index": "pypi",
            "version": "==0.6.3"
        },
        "pythonmatsim": {
            "editable": true,
            "path": "."
        }
    },
    "develop": {}
}
