{
    "_meta": {
        "hash": {
            "sha256": "4e22818887d7f6e801e67716d86bad26cb79b4853d6b9346bc35e937ab78908b"
        },
        "pipfile-spec": 6,
        "requires": {
            "python_version": "3.6"
        },
        "sources": [
            {
                "name": "pypi",
                "url": "https://pypi.org/simple",
                "verify_ssl": true
            }
        ]
    },
    "default": {
        "jpype1": {
            "hashes": [
                "sha256:6841523631874a731e1f94e1b1f130686ad3772030eaa3b6946256eeb1d10dd1"
            ],
            "index": "pypi",
            "version": "==0.6.3"
        }
    },
    "develop": {}
}
