{
    "_meta": {
        "hash": {
            "sha256": "224bc978414777d21ac38da1ea98296ef1db64fd05f1fbf79ad22ca20da8a957"
        },
        "pipfile-spec": 6,
        "requires": {
            "python_version": "3.6"
        },
        "sources": [
            {
                "name": "pypi",
                "url": "https://pypi.org/simple",
                "verify_ssl": true
            }
        ]
    },
    "default": {
        "jpype1": {
            "hashes": [
                "sha256:6841523631874a731e1f94e1b1f130686ad3772030eaa3b6946256eeb1d10dd1",
                "sha256:b63a9f69963319751758f210332139e302621530dba60116dd91771616fcd1fa"
            ],
            "index": "pypi",
            "version": "==0.6.3"
        }
    },
    "develop": {}
}
